
Microsoft Visual Studio Solution File, Format Version 12.00
# Visual Studio Version 16
VisualStudioVersion = 16.0.32002.261
MinimumVisualStudioVersion = 10.0.40219.1
Project("{9A19103F-16F7-4668-BE54-9A1E7A4F7556}") = "WebDriverTestsDemo", "WebDriverTestsDemo\WebDriverTestsDemo.csproj", "{499E75F8-F7B7-4FCA-ADC7-346E3E808163}"
EndProject
Project("{9A19103F-16F7-4668-BE54-9A1E7A4F7556}") = "NunitWebDriverTests", "NunitWebDriverTests\NunitWebDriverTests.csproj", "{FFD43812-4032-48A0-B344-B9F4EFEC5217}"
EndProject
Project("{FAE04EC0-301F-11D3-BF4B-00C04F79EFBC}") = "DataDrivenTestingCalculator", "DataDrivenTestingCalculator\DataDrivenTestingCalculator.csproj", "{E4993060-D31D-4303-B015-101778B217DC}"
EndProject
Global
	GlobalSection(SolutionConfigurationPlatforms) = preSolution
		Debug|Any CPU = Debug|Any CPU
		Release|Any CPU = Release|Any CPU
	EndGlobalSection
	GlobalSection(ProjectConfigurationPlatforms) = postSolution
		{499E75F8-F7B7-4FCA-ADC7-346E3E808163}.Debug|Any CPU.ActiveCfg = Debug|Any CPU
		{499E75F8-F7B7-4FCA-ADC7-346E3E808163}.Debug|Any CPU.Build.0 = Debug|Any CPU
		{499E75F8-F7B7-4FCA-ADC7-346E3E808163}.Release|Any CPU.ActiveCfg = Release|Any CPU
		{499E75F8-F7B7-4FCA-ADC7-346E3E808163}.Release|Any CPU.Build.0 = Release|Any CPU
		{FFD43812-4032-48A0-B344-B9F4EFEC5217}.Debug|Any CPU.ActiveCfg = Debug|Any CPU
		{FFD43812-4032-48A0-B344-B9F4EFEC5217}.Debug|Any CPU.Build.0 = Debug|Any CPU
		{FFD43812-4032-48A0-B344-B9F4EFEC5217}.Release|Any CPU.ActiveCfg = Release|Any CPU
		{FFD43812-4032-48A0-B344-B9F4EFEC5217}.Release|Any CPU.Build.0 = Release|Any CPU
		{E4993060-D31D-4303-B015-101778B217DC}.Debug|Any CPU.ActiveCfg = Debug|Any CPU
		{E4993060-D31D-4303-B015-101778B217DC}.Debug|Any CPU.Build.0 = Debug|Any CPU
		{E4993060-D31D-4303-B015-101778B217DC}.Release|Any CPU.ActiveCfg = Release|Any CPU
		{E4993060-D31D-4303-B015-101778B217DC}.Release|Any CPU.Build.0 = Release|Any CPU
	EndGlobalSection
	GlobalSection(SolutionProperties) = preSolution
		HideSolutionNode = FALSE
	EndGlobalSection
	GlobalSection(ExtensibilityGlobals) = postSolution
		SolutionGuid = {7F75CB25-196D-4021-9C86-BB501C8F5743}
	EndGlobalSection
EndGlobal
